
Microsoft Visual Studio Solution File, Format Version 12.00
# Visual Studio Version 16
VisualStudioVersion = 16.0.30907.101
MinimumVisualStudioVersion = 10.0.40219.1
Project("{9A19103F-16F7-4668-BE54-9A1E7A4F7556}") = "Affiliates.Web", "src\Affiliates.Web\Affiliates.Web.csproj", "{660D3741-6024-429F-8C5F-7467374DC3F6}"
EndProject
Global
	GlobalSection(SolutionConfigurationPlatforms) = preSolution
		Debug|Any CPU = Debug|Any CPU
		Release|Any CPU = Release|Any CPU
	EndGlobalSection
	GlobalSection(ProjectConfigurationPlatforms) = postSolution
		{660D3741-6024-429F-8C5F-7467374DC3F6}.Debug|Any CPU.ActiveCfg = Debug|Any CPU
		{660D3741-6024-429F-8C5F-7467374DC3F6}.Debug|Any CPU.Build.0 = Debug|Any CPU
		{660D3741-6024-429F-8C5F-7467374DC3F6}.Release|Any CPU.ActiveCfg = Release|Any CPU
		{660D3741-6024-429F-8C5F-7467374DC3F6}.Release|Any CPU.Build.0 = Release|Any CPU
	EndGlobalSection
	GlobalSection(SolutionProperties) = preSolution
		HideSolutionNode = FALSE
	EndGlobalSection
	GlobalSection(ExtensibilityGlobals) = postSolution
		SolutionGuid = {3644D3C4-BEB8-40F1-8BA8-625BC58C933C}
	EndGlobalSection
EndGlobal
